// !$*UTF8*$!
{
	archiveVersion = 1;
	classes = {
	};
	objectVersion = 50;
	objects = {

/* Begin PBXBuildFile section */
		C3A69C23247837EE000AF664 /* AppDelegate.swift in Sources */ = {isa = PBXBuildFile; fileRef = C3A69C22247837EE000AF664 /* AppDelegate.swift */; };
		C3A69C25247837EE000AF664 /* SceneDelegate.swift in Sources */ = {isa = PBXBuildFile; fileRef = C3A69C24247837EE000AF664 /* SceneDelegate.swift */; };
		C3A69C2C247837F0000AF664 /* Assets.xcassets in Resources */ = {isa = PBXBuildFile; fileRef = C3A69C2B247837F0000AF664 /* Assets.xcassets */; };
		C3A69C2F247837F0000AF664 /* LaunchScreen.storyboard in Resources */ = {isa = PBXBuildFile; fileRef = C3A69C2D247837F0000AF664 /* LaunchScreen.storyboard */; };
		C3A69C3824783A51000AF664 /* Service.swift in Sources */ = {isa = PBXBuildFile; fileRef = C3A69C3724783A51000AF664 /* Service.swift */; };
		C3A69C3A24783A71000AF664 /* WebService.swift in Sources */ = {isa = PBXBuildFile; fileRef = C3A69C3924783A71000AF664 /* WebService.swift */; };
		C3A69C3D24783E19000AF664 /* OSLog.swift in Sources */ = {isa = PBXBuildFile; fileRef = C3A69C3C24783E19000AF664 /* OSLog.swift */; };
		C3A69C4024784A16000AF664 /* Cache.swift in Sources */ = {isa = PBXBuildFile; fileRef = C3A69C3F24784A16000AF664 /* Cache.swift */; };
		C3A69C4624784B50000AF664 /* CacheService.swift in Sources */ = {isa = PBXBuildFile; fileRef = C3A69C4524784B50000AF664 /* CacheService.swift */; };
		C3A69C4924785335000AF664 /* CachedWebervice.swift in Sources */ = {isa = PBXBuildFile; fileRef = C3A69C4824785335000AF664 /* CachedWebervice.swift */; };
		C3A69C4C24785CA0000AF664 /* CodableService.swift in Sources */ = {isa = PBXBuildFile; fileRef = C3A69C4B24785CA0000AF664 /* CodableService.swift */; };
		C3A69C4E24787ABB000AF664 /* ImageService.swift in Sources */ = {isa = PBXBuildFile; fileRef = C3A69C4D24787ABB000AF664 /* ImageService.swift */; };
		C3A69C5124787F65000AF664 /* CatImageService.swift in Sources */ = {isa = PBXBuildFile; fileRef = C3A69C5024787F65000AF664 /* CatImageService.swift */; };
		C3A69C5624788071000AF664 /* CatImage.swift in Sources */ = {isa = PBXBuildFile; fileRef = C3A69C5324788071000AF664 /* CatImage.swift */; };
		C3A69C5724788071000AF664 /* Quiz.swift in Sources */ = {isa = PBXBuildFile; fileRef = C3A69C5424788071000AF664 /* Quiz.swift */; };
		C3A69C5824788071000AF664 /* Breed.swift in Sources */ = {isa = PBXBuildFile; fileRef = C3A69C5524788071000AF664 /* Breed.swift */; };
		C3A69C5A247881E3000AF664 /* Constants.swift in Sources */ = {isa = PBXBuildFile; fileRef = C3A69C59247881E3000AF664 /* Constants.swift */; };
		C3A69C5D247882DC000AF664 /* CodableDecoder.swift in Sources */ = {isa = PBXBuildFile; fileRef = C3A69C5C247882DC000AF664 /* CodableDecoder.swift */; };
		C3A69C6024788535000AF664 /* FileStorage.swift in Sources */ = {isa = PBXBuildFile; fileRef = C3A69C5F24788535000AF664 /* FileStorage.swift */; };
		C3A69C62247885F0000AF664 /* RAMCache.swift in Sources */ = {isa = PBXBuildFile; fileRef = C3A69C61247885F0000AF664 /* RAMCache.swift */; };
		C3A69C64247887F5000AF664 /* BreedService.swift in Sources */ = {isa = PBXBuildFile; fileRef = C3A69C63247887F5000AF664 /* BreedService.swift */; };
		C3A69C6624788E02000AF664 /* QuizService.swift in Sources */ = {isa = PBXBuildFile; fileRef = C3A69C6524788E02000AF664 /* QuizService.swift */; };
		C3A69C6A24791537000AF664 /* MainViewController.swift in Sources */ = {isa = PBXBuildFile; fileRef = C3A69C6924791537000AF664 /* MainViewController.swift */; };
		C3A69C7824791559000AF664 /* ThumbCell.swift in Sources */ = {isa = PBXBuildFile; fileRef = C3A69C6D24791559000AF664 /* ThumbCell.swift */; };
		C3A69C7924791559000AF664 /* GalleryView.xib in Resources */ = {isa = PBXBuildFile; fileRef = C3A69C6E24791559000AF664 /* GalleryView.xib */; };
		C3A69C7A24791559000AF664 /* GalleryFeedView.xib in Resources */ = {isa = PBXBuildFile; fileRef = C3A69C7024791559000AF664 /* GalleryFeedView.xib */; };
		C3A69C7B24791559000AF664 /* GalleryFeedCell.swift in Sources */ = {isa = PBXBuildFile; fileRef = C3A69C7124791559000AF664 /* GalleryFeedCell.swift */; };
		C3A69C7C24791559000AF664 /* GalleryFeedView.swift in Sources */ = {isa = PBXBuildFile; fileRef = C3A69C7224791559000AF664 /* GalleryFeedView.swift */; };
		C3A69C7D24791559000AF664 /* GalleryFeedCell.xib in Resources */ = {isa = PBXBuildFile; fileRef = C3A69C7324791559000AF664 /* GalleryFeedCell.xib */; };
		C3A69C7F24791559000AF664 /* GalleryView.swift in Sources */ = {isa = PBXBuildFile; fileRef = C3A69C7524791559000AF664 /* GalleryView.swift */; };
		C3A69C83247915F2000AF664 /* UIImage.swift in Sources */ = {isa = PBXBuildFile; fileRef = C3A69C82247915F2000AF664 /* UIImage.swift */; };
		C3A69C852479169A000AF664 /* ImageViewModel.swift in Sources */ = {isa = PBXBuildFile; fileRef = C3A69C842479169A000AF664 /* ImageViewModel.swift */; };
		C3A69C8724791A98000AF664 /* UIImageDecoder.swift in Sources */ = {isa = PBXBuildFile; fileRef = C3A69C8624791A98000AF664 /* UIImageDecoder.swift */; };
		C3A69C8A24791EFF000AF664 /* MosaicLayout.swift in Sources */ = {isa = PBXBuildFile; fileRef = C3A69C8924791EFF000AF664 /* MosaicLayout.swift */; };
		C3A69C8C24791F37000AF664 /* UIView.swift in Sources */ = {isa = PBXBuildFile; fileRef = C3A69C8B24791F37000AF664 /* UIView.swift */; };
		C3A69C8E24791FB7000AF664 /* GalleryViewModel.swift in Sources */ = {isa = PBXBuildFile; fileRef = C3A69C8D24791FB7000AF664 /* GalleryViewModel.swift */; };
		C3A69C9A247926B0000AF664 /* BreedDetailsView.swift in Sources */ = {isa = PBXBuildFile; fileRef = C3A69C91247926B0000AF664 /* BreedDetailsView.swift */; };
		C3A69C9B247926B0000AF664 /* BreedDetailsView.xib in Resources */ = {isa = PBXBuildFile; fileRef = C3A69C92247926B0000AF664 /* BreedDetailsView.xib */; };
		C3A69C9C247926B0000AF664 /* HorizontalBreedList.swift in Sources */ = {isa = PBXBuildFile; fileRef = C3A69C94247926B0000AF664 /* HorizontalBreedList.swift */; };
		C3A69C9D247926B0000AF664 /* BreedListView.xib in Resources */ = {isa = PBXBuildFile; fileRef = C3A69C95247926B0000AF664 /* BreedListView.xib */; };
		C3A69C9E247926B0000AF664 /* BreedCell.xib in Resources */ = {isa = PBXBuildFile; fileRef = C3A69C96247926B0000AF664 /* BreedCell.xib */; };
		C3A69C9F247926B0000AF664 /* BreedListView.swift in Sources */ = {isa = PBXBuildFile; fileRef = C3A69C97247926B0000AF664 /* BreedListView.swift */; };
		C3A69CA0247926B0000AF664 /* HorizontalBreedList.xib in Resources */ = {isa = PBXBuildFile; fileRef = C3A69C98247926B0000AF664 /* HorizontalBreedList.xib */; };
		C3A69CA1247926B0000AF664 /* BreedCell.swift in Sources */ = {isa = PBXBuildFile; fileRef = C3A69C99247926B0000AF664 /* BreedCell.swift */; };
		C3A69CA3247926D3000AF664 /* BreedViewModel.swift in Sources */ = {isa = PBXBuildFile; fileRef = C3A69CA2247926D3000AF664 /* BreedViewModel.swift */; };
		C3A69CA524792C2D000AF664 /* String.swift in Sources */ = {isa = PBXBuildFile; fileRef = C3A69CA424792C2D000AF664 /* String.swift */; };
		C3A69CAC24792CAD000AF664 /* RoundImage.swift in Sources */ = {isa = PBXBuildFile; fileRef = C3A69CA724792CAD000AF664 /* RoundImage.swift */; };
		C3A69CAD24792CAD000AF664 /* Capsule.swift in Sources */ = {isa = PBXBuildFile; fileRef = C3A69CA824792CAD000AF664 /* Capsule.swift */; };
		C3A69CAE24792CAD000AF664 /* RandomPaw.swift in Sources */ = {isa = PBXBuildFile; fileRef = C3A69CA924792CAD000AF664 /* RandomPaw.swift */; };
		C3A69CAF24792CAD000AF664 /* ProgressBar.swift in Sources */ = {isa = PBXBuildFile; fileRef = C3A69CAA24792CAD000AF664 /* ProgressBar.swift */; };
		C3A69CB024792CAD000AF664 /* RoundedButton.swift in Sources */ = {isa = PBXBuildFile; fileRef = C3A69CAB24792CAD000AF664 /* RoundedButton.swift */; };
		C3A69CB224793923000AF664 /* UIColor.swift in Sources */ = {isa = PBXBuildFile; fileRef = C3A69CB124793923000AF664 /* UIColor.swift */; };
		C3A69CB42479395D000AF664 /* CGPoint.swift in Sources */ = {isa = PBXBuildFile; fileRef = C3A69CB32479395D000AF664 /* CGPoint.swift */; };
		C3A69CB624793E04000AF664 /* BreedDetailsViewModel.swift in Sources */ = {isa = PBXBuildFile; fileRef = C3A69CB524793E04000AF664 /* BreedDetailsViewModel.swift */; };
		C3A69CBC247968A6000AF664 /* FadePushAnimator.swift in Sources */ = {isa = PBXBuildFile; fileRef = C3A69CB8247968A6000AF664 /* FadePushAnimator.swift */; };
		C3A69CBD247968A6000AF664 /* CatWalk.swift in Sources */ = {isa = PBXBuildFile; fileRef = C3A69CB9247968A6000AF664 /* CatWalk.swift */; };
		C3A69CBE247968A6000AF664 /* FadePopAnimator.swift in Sources */ = {isa = PBXBuildFile; fileRef = C3A69CBA247968A6000AF664 /* FadePopAnimator.swift */; };
		C3A69CBF247968A6000AF664 /* CatWalk.xib in Resources */ = {isa = PBXBuildFile; fileRef = C3A69CBB247968A6000AF664 /* CatWalk.xib */; };
		C3A69CC4247968B4000AF664 /* CardView.swift in Sources */ = {isa = PBXBuildFile; fileRef = C3A69CC2247968B4000AF664 /* CardView.swift */; };
		C3A69CC5247968B4000AF664 /* CardStackView.swift in Sources */ = {isa = PBXBuildFile; fileRef = C3A69CC3247968B4000AF664 /* CardStackView.swift */; };
		C3A69CD6247968C5000AF664 /* QuizResultsView.swift in Sources */ = {isa = PBXBuildFile; fileRef = C3A69CCA247968C5000AF664 /* QuizResultsView.swift */; };
		C3A69CD7247968C5000AF664 /* QuizResultsView.xib in Resources */ = {isa = PBXBuildFile; fileRef = C3A69CCB247968C5000AF664 /* QuizResultsView.xib */; };
		C3A69CD8247968C5000AF664 /* QuizMenuView.xib in Resources */ = {isa = PBXBuildFile; fileRef = C3A69CCD247968C5000AF664 /* QuizMenuView.xib */; };
		C3A69CD9247968C5000AF664 /* QuizMenuView.swift in Sources */ = {isa = PBXBuildFile; fileRef = C3A69CCE247968C5000AF664 /* QuizMenuView.swift */; };
		C3A69CDA247968C5000AF664 /* QuizCoordinator.swift in Sources */ = {isa = PBXBuildFile; fileRef = C3A69CCF247968C5000AF664 /* QuizCoordinator.swift */; };
		C3A69CDB247968C5000AF664 /* QuestionView.swift in Sources */ = {isa = PBXBuildFile; fileRef = C3A69CD1247968C5000AF664 /* QuestionView.swift */; };
		C3A69CDC247968C5000AF664 /* QuizView.swift in Sources */ = {isa = PBXBuildFile; fileRef = C3A69CD2247968C5000AF664 /* QuizView.swift */; };
		C3A69CDD247968C5000AF664 /* QuizView.xib in Resources */ = {isa = PBXBuildFile; fileRef = C3A69CD3247968C5000AF664 /* QuizView.xib */; };
		C3A69CDE247968C5000AF664 /* QuestionView.xib in Resources */ = {isa = PBXBuildFile; fileRef = C3A69CD4247968C5000AF664 /* QuestionView.xib */; };
		C3A69CE02479692B000AF664 /* QuizViewModel.swift in Sources */ = {isa = PBXBuildFile; fileRef = C3A69CDF2479692B000AF664 /* QuizViewModel.swift */; };
		C3A69CE72479B1B3000AF664 /* ParameterCell.swift in Sources */ = {isa = PBXBuildFile; fileRef = C3A69CE52479B1B3000AF664 /* ParameterCell.swift */; };
		C3A69CE82479B1B3000AF664 /* ParameterCell.xib in Resources */ = {isa = PBXBuildFile; fileRef = C3A69CE62479B1B3000AF664 /* ParameterCell.xib */; };
/* End PBXBuildFile section */

/* Begin PBXFileReference section */
		C3A69C1F247837EE000AF664 /* MEOW.app */ = {isa = PBXFileReference; explicitFileType = wrapper.application; includeInIndex = 0; path = MEOW.app; sourceTree = BUILT_PRODUCTS_DIR; };
		C3A69C22247837EE000AF664 /* AppDelegate.swift */ = {isa = PBXFileReference; lastKnownFileType = sourcecode.swift; path = AppDelegate.swift; sourceTree = "<group>"; };
		C3A69C24247837EE000AF664 /* SceneDelegate.swift */ = {isa = PBXFileReference; lastKnownFileType = sourcecode.swift; path = SceneDelegate.swift; sourceTree = "<group>"; };
		C3A69C2B247837F0000AF664 /* Assets.xcassets */ = {isa = PBXFileReference; lastKnownFileType = folder.assetcatalog; path = Assets.xcassets; sourceTree = "<group>"; };
		C3A69C2E247837F0000AF664 /* Base */ = {isa = PBXFileReference; lastKnownFileType = file.storyboard; name = Base; path = Base.lproj/LaunchScreen.storyboard; sourceTree = "<group>"; };
		C3A69C30247837F0000AF664 /* Info.plist */ = {isa = PBXFileReference; lastKnownFileType = text.plist.xml; path = Info.plist; sourceTree = "<group>"; };
		C3A69C3724783A51000AF664 /* Service.swift */ = {isa = PBXFileReference; lastKnownFileType = sourcecode.swift; path = Service.swift; sourceTree = "<group>"; };
		C3A69C3924783A71000AF664 /* WebService.swift */ = {isa = PBXFileReference; lastKnownFileType = sourcecode.swift; path = WebService.swift; sourceTree = "<group>"; };
		C3A69C3C24783E19000AF664 /* OSLog.swift */ = {isa = PBXFileReference; lastKnownFileType = sourcecode.swift; path = OSLog.swift; sourceTree = "<group>"; };
		C3A69C3F24784A16000AF664 /* Cache.swift */ = {isa = PBXFileReference; lastKnownFileType = sourcecode.swift; path = Cache.swift; sourceTree = "<group>"; };
		C3A69C4524784B50000AF664 /* CacheService.swift */ = {isa = PBXFileReference; lastKnownFileType = sourcecode.swift; path = CacheService.swift; sourceTree = "<group>"; };
		C3A69C4824785335000AF664 /* CachedWebervice.swift */ = {isa = PBXFileReference; lastKnownFileType = sourcecode.swift; path = CachedWebervice.swift; sourceTree = "<group>"; };
		C3A69C4B24785CA0000AF664 /* CodableService.swift */ = {isa = PBXFileReference; lastKnownFileType = sourcecode.swift; path = CodableService.swift; sourceTree = "<group>"; };
		C3A69C4D24787ABB000AF664 /* ImageService.swift */ = {isa = PBXFileReference; lastKnownFileType = sourcecode.swift; path = ImageService.swift; sourceTree = "<group>"; };
		C3A69C5024787F65000AF664 /* CatImageService.swift */ = {isa = PBXFileReference; lastKnownFileType = sourcecode.swift; path = CatImageService.swift; sourceTree = "<group>"; };
		C3A69C5324788071000AF664 /* CatImage.swift */ = {isa = PBXFileReference; fileEncoding = 4; lastKnownFileType = sourcecode.swift; path = CatImage.swift; sourceTree = "<group>"; };
		C3A69C5424788071000AF664 /* Quiz.swift */ = {isa = PBXFileReference; fileEncoding = 4; lastKnownFileType = sourcecode.swift; path = Quiz.swift; sourceTree = "<group>"; };
		C3A69C5524788071000AF664 /* Breed.swift */ = {isa = PBXFileReference; fileEncoding = 4; lastKnownFileType = sourcecode.swift; path = Breed.swift; sourceTree = "<group>"; };
		C3A69C59247881E3000AF664 /* Constants.swift */ = {isa = PBXFileReference; fileEncoding = 4; lastKnownFileType = sourcecode.swift; path = Constants.swift; sourceTree = "<group>"; };
		C3A69C5C247882DC000AF664 /* CodableDecoder.swift */ = {isa = PBXFileReference; lastKnownFileType = sourcecode.swift; path = CodableDecoder.swift; sourceTree = "<group>"; };
		C3A69C5F24788535000AF664 /* FileStorage.swift */ = {isa = PBXFileReference; lastKnownFileType = sourcecode.swift; path = FileStorage.swift; sourceTree = "<group>"; };
		C3A69C61247885F0000AF664 /* RAMCache.swift */ = {isa = PBXFileReference; lastKnownFileType = sourcecode.swift; path = RAMCache.swift; sourceTree = "<group>"; };
		C3A69C63247887F5000AF664 /* BreedService.swift */ = {isa = PBXFileReference; lastKnownFileType = sourcecode.swift; path = BreedService.swift; sourceTree = "<group>"; };
		C3A69C6524788E02000AF664 /* QuizService.swift */ = {isa = PBXFileReference; lastKnownFileType = sourcecode.swift; path = QuizService.swift; sourceTree = "<group>"; };
		C3A69C6924791537000AF664 /* MainViewController.swift */ = {isa = PBXFileReference; fileEncoding = 4; lastKnownFileType = sourcecode.swift; path = MainViewController.swift; sourceTree = "<group>"; };
		C3A69C6D24791559000AF664 /* ThumbCell.swift */ = {isa = PBXFileReference; fileEncoding = 4; lastKnownFileType = sourcecode.swift; path = ThumbCell.swift; sourceTree = "<group>"; };
		C3A69C6E24791559000AF664 /* GalleryView.xib */ = {isa = PBXFileReference; fileEncoding = 4; lastKnownFileType = file.xib; path = GalleryView.xib; sourceTree = "<group>"; };
		C3A69C7024791559000AF664 /* GalleryFeedView.xib */ = {isa = PBXFileReference; fileEncoding = 4; lastKnownFileType = file.xib; path = GalleryFeedView.xib; sourceTree = "<group>"; };
		C3A69C7124791559000AF664 /* GalleryFeedCell.swift */ = {isa = PBXFileReference; fileEncoding = 4; lastKnownFileType = sourcecode.swift; path = GalleryFeedCell.swift; sourceTree = "<group>"; };
		C3A69C7224791559000AF664 /* GalleryFeedView.swift */ = {isa = PBXFileReference; fileEncoding = 4; lastKnownFileType = sourcecode.swift; path = GalleryFeedView.swift; sourceTree = "<group>"; };
		C3A69C7324791559000AF664 /* GalleryFeedCell.xib */ = {isa = PBXFileReference; fileEncoding = 4; lastKnownFileType = file.xib; path = GalleryFeedCell.xib; sourceTree = "<group>"; };
		C3A69C7524791559000AF664 /* GalleryView.swift */ = {isa = PBXFileReference; fileEncoding = 4; lastKnownFileType = sourcecode.swift; path = GalleryView.swift; sourceTree = "<group>"; };
		C3A69C82247915F2000AF664 /* UIImage.swift */ = {isa = PBXFileReference; lastKnownFileType = sourcecode.swift; path = UIImage.swift; sourceTree = "<group>"; };
		C3A69C842479169A000AF664 /* ImageViewModel.swift */ = {isa = PBXFileReference; lastKnownFileType = sourcecode.swift; path = ImageViewModel.swift; sourceTree = "<group>"; };
		C3A69C8624791A98000AF664 /* UIImageDecoder.swift */ = {isa = PBXFileReference; lastKnownFileType = sourcecode.swift; path = UIImageDecoder.swift; sourceTree = "<group>"; };
		C3A69C8924791EFF000AF664 /* MosaicLayout.swift */ = {isa = PBXFileReference; fileEncoding = 4; lastKnownFileType = sourcecode.swift; path = MosaicLayout.swift; sourceTree = "<group>"; };
		C3A69C8B24791F37000AF664 /* UIView.swift */ = {isa = PBXFileReference; lastKnownFileType = sourcecode.swift; path = UIView.swift; sourceTree = "<group>"; };
		C3A69C8D24791FB7000AF664 /* GalleryViewModel.swift */ = {isa = PBXFileReference; lastKnownFileType = sourcecode.swift; path = GalleryViewModel.swift; sourceTree = "<group>"; };
		C3A69C91247926B0000AF664 /* BreedDetailsView.swift */ = {isa = PBXFileReference; fileEncoding = 4; lastKnownFileType = sourcecode.swift; path = BreedDetailsView.swift; sourceTree = "<group>"; };
		C3A69C92247926B0000AF664 /* BreedDetailsView.xib */ = {isa = PBXFileReference; fileEncoding = 4; lastKnownFileType = file.xib; path = BreedDetailsView.xib; sourceTree = "<group>"; };
		C3A69C94247926B0000AF664 /* HorizontalBreedList.swift */ = {isa = PBXFileReference; fileEncoding = 4; lastKnownFileType = sourcecode.swift; path = HorizontalBreedList.swift; sourceTree = "<group>"; };
		C3A69C95247926B0000AF664 /* BreedListView.xib */ = {isa = PBXFileReference; fileEncoding = 4; lastKnownFileType = file.xib; path = BreedListView.xib; sourceTree = "<group>"; };
		C3A69C96247926B0000AF664 /* BreedCell.xib */ = {isa = PBXFileReference; fileEncoding = 4; lastKnownFileType = file.xib; path = BreedCell.xib; sourceTree = "<group>"; };
		C3A69C97247926B0000AF664 /* BreedListView.swift */ = {isa = PBXFileReference; fileEncoding = 4; lastKnownFileType = sourcecode.swift; path = BreedListView.swift; sourceTree = "<group>"; };
		C3A69C98247926B0000AF664 /* HorizontalBreedList.xib */ = {isa = PBXFileReference; fileEncoding = 4; lastKnownFileType = file.xib; path = HorizontalBreedList.xib; sourceTree = "<group>"; };
		C3A69C99247926B0000AF664 /* BreedCell.swift */ = {isa = PBXFileReference; fileEncoding = 4; lastKnownFileType = sourcecode.swift; path = BreedCell.swift; sourceTree = "<group>"; };
		C3A69CA2247926D3000AF664 /* BreedViewModel.swift */ = {isa = PBXFileReference; lastKnownFileType = sourcecode.swift; path = BreedViewModel.swift; sourceTree = "<group>"; };
		C3A69CA424792C2D000AF664 /* String.swift */ = {isa = PBXFileReference; lastKnownFileType = sourcecode.swift; path = String.swift; sourceTree = "<group>"; };
		C3A69CA724792CAD000AF664 /* RoundImage.swift */ = {isa = PBXFileReference; fileEncoding = 4; lastKnownFileType = sourcecode.swift; path = RoundImage.swift; sourceTree = "<group>"; };
		C3A69CA824792CAD000AF664 /* Capsule.swift */ = {isa = PBXFileReference; fileEncoding = 4; lastKnownFileType = sourcecode.swift; path = Capsule.swift; sourceTree = "<group>"; };
		C3A69CA924792CAD000AF664 /* RandomPaw.swift */ = {isa = PBXFileReference; fileEncoding = 4; lastKnownFileType = sourcecode.swift; path = RandomPaw.swift; sourceTree = "<group>"; };
		C3A69CAA24792CAD000AF664 /* ProgressBar.swift */ = {isa = PBXFileReference; fileEncoding = 4; lastKnownFileType = sourcecode.swift; path = ProgressBar.swift; sourceTree = "<group>"; };
		C3A69CAB24792CAD000AF664 /* RoundedButton.swift */ = {isa = PBXFileReference; fileEncoding = 4; lastKnownFileType = sourcecode.swift; path = RoundedButton.swift; sourceTree = "<group>"; };
		C3A69CB124793923000AF664 /* UIColor.swift */ = {isa = PBXFileReference; lastKnownFileType = sourcecode.swift; path = UIColor.swift; sourceTree = "<group>"; };
		C3A69CB32479395D000AF664 /* CGPoint.swift */ = {isa = PBXFileReference; lastKnownFileType = sourcecode.swift; path = CGPoint.swift; sourceTree = "<group>"; };
		C3A69CB524793E04000AF664 /* BreedDetailsViewModel.swift */ = {isa = PBXFileReference; lastKnownFileType = sourcecode.swift; path = BreedDetailsViewModel.swift; sourceTree = "<group>"; };
		C3A69CB8247968A6000AF664 /* FadePushAnimator.swift */ = {isa = PBXFileReference; fileEncoding = 4; lastKnownFileType = sourcecode.swift; path = FadePushAnimator.swift; sourceTree = "<group>"; };
		C3A69CB9247968A6000AF664 /* CatWalk.swift */ = {isa = PBXFileReference; fileEncoding = 4; lastKnownFileType = sourcecode.swift; path = CatWalk.swift; sourceTree = "<group>"; };
		C3A69CBA247968A6000AF664 /* FadePopAnimator.swift */ = {isa = PBXFileReference; fileEncoding = 4; lastKnownFileType = sourcecode.swift; path = FadePopAnimator.swift; sourceTree = "<group>"; };
		C3A69CBB247968A6000AF664 /* CatWalk.xib */ = {isa = PBXFileReference; fileEncoding = 4; lastKnownFileType = file.xib; path = CatWalk.xib; sourceTree = "<group>"; };
		C3A69CC2247968B4000AF664 /* CardView.swift */ = {isa = PBXFileReference; fileEncoding = 4; lastKnownFileType = sourcecode.swift; path = CardView.swift; sourceTree = "<group>"; };
		C3A69CC3247968B4000AF664 /* CardStackView.swift */ = {isa = PBXFileReference; fileEncoding = 4; lastKnownFileType = sourcecode.swift; path = CardStackView.swift; sourceTree = "<group>"; };
		C3A69CCA247968C5000AF664 /* QuizResultsView.swift */ = {isa = PBXFileReference; fileEncoding = 4; lastKnownFileType = sourcecode.swift; path = QuizResultsView.swift; sourceTree = "<group>"; };
		C3A69CCB247968C5000AF664 /* QuizResultsView.xib */ = {isa = PBXFileReference; fileEncoding = 4; lastKnownFileType = file.xib; path = QuizResultsView.xib; sourceTree = "<group>"; };
		C3A69CCD247968C5000AF664 /* QuizMenuView.xib */ = {isa = PBXFileReference; fileEncoding = 4; lastKnownFileType = file.xib; path = QuizMenuView.xib; sourceTree = "<group>"; };
		C3A69CCE247968C5000AF664 /* QuizMenuView.swift */ = {isa = PBXFileReference; fileEncoding = 4; lastKnownFileType = sourcecode.swift; path = QuizMenuView.swift; sourceTree = "<group>"; };
		C3A69CCF247968C5000AF664 /* QuizCoordinator.swift */ = {isa = PBXFileReference; fileEncoding = 4; lastKnownFileType = sourcecode.swift; path = QuizCoordinator.swift; sourceTree = "<group>"; };
		C3A69CD1247968C5000AF664 /* QuestionView.swift */ = {isa = PBXFileReference; fileEncoding = 4; lastKnownFileType = sourcecode.swift; path = QuestionView.swift; sourceTree = "<group>"; };
		C3A69CD2247968C5000AF664 /* QuizView.swift */ = {isa = PBXFileReference; fileEncoding = 4; lastKnownFileType = sourcecode.swift; path = QuizView.swift; sourceTree = "<group>"; };
		C3A69CD3247968C5000AF664 /* QuizView.xib */ = {isa = PBXFileReference; fileEncoding = 4; lastKnownFileType = file.xib; path = QuizView.xib; sourceTree = "<group>"; };
		C3A69CD4247968C5000AF664 /* QuestionView.xib */ = {isa = PBXFileReference; fileEncoding = 4; lastKnownFileType = file.xib; path = QuestionView.xib; sourceTree = "<group>"; };
		C3A69CDF2479692B000AF664 /* QuizViewModel.swift */ = {isa = PBXFileReference; lastKnownFileType = sourcecode.swift; path = QuizViewModel.swift; sourceTree = "<group>"; };
		C3A69CE52479B1B3000AF664 /* ParameterCell.swift */ = {isa = PBXFileReference; lastKnownFileType = sourcecode.swift; path = ParameterCell.swift; sourceTree = "<group>"; };
		C3A69CE62479B1B3000AF664 /* ParameterCell.xib */ = {isa = PBXFileReference; lastKnownFileType = file.xib; path = ParameterCell.xib; sourceTree = "<group>"; };
/* End PBXFileReference section */

/* Begin PBXFrameworksBuildPhase section */
		C3A69C1C247837EE000AF664 /* Frameworks */ = {
			isa = PBXFrameworksBuildPhase;
			buildActionMask = 2147483647;
			files = (
			);
			runOnlyForDeploymentPostprocessing = 0;
		};
/* End PBXFrameworksBuildPhase section */

/* Begin PBXGroup section */
		C3A69C16247837EE000AF664 = {
			isa = PBXGroup;
			children = (
				C3A69C21247837EE000AF664 /* MEOW */,
				C3A69C20247837EE000AF664 /* Products */,
			);
			sourceTree = "<group>";
		};
		C3A69C20247837EE000AF664 /* Products */ = {
			isa = PBXGroup;
			children = (
				C3A69C1F247837EE000AF664 /* MEOW.app */,
			);
			name = Products;
			sourceTree = "<group>";
		};
		C3A69C21247837EE000AF664 /* MEOW */ = {
			isa = PBXGroup;
			children = (
				C3A69C3B24783DD2000AF664 /* Common */,
				C3A69C522478803A000AF664 /* Models */,
				C3A69C3624783A28000AF664 /* Services */,
				C3A69C68247914C9000AF664 /* ViewModels */,
				C3A69C67247914BA000AF664 /* Views */,
				C3A69C22247837EE000AF664 /* AppDelegate.swift */,
				C3A69C24247837EE000AF664 /* SceneDelegate.swift */,
				C3A69C2B247837F0000AF664 /* Assets.xcassets */,
				C3A69C2D247837F0000AF664 /* LaunchScreen.storyboard */,
				C3A69C30247837F0000AF664 /* Info.plist */,
			);
			path = MEOW;
			sourceTree = "<group>";
		};
		C3A69C3624783A28000AF664 /* Services */ = {
			isa = PBXGroup;
			children = (
				C3A69C3724783A51000AF664 /* Service.swift */,
				C3A69C3E24784A04000AF664 /* Cache */,
				C3A69C4A24785C3D000AF664 /* Network */,
				C3A69C4F24787F2E000AF664 /* API */,
			);
			path = Services;
			sourceTree = "<group>";
		};
		C3A69C3B24783DD2000AF664 /* Common */ = {
			isa = PBXGroup;
			children = (
				C3A69C81247915DE000AF664 /* Extensions */,
				C3A69C59247881E3000AF664 /* Constants.swift */,
			);
			path = Common;
			sourceTree = "<group>";
		};
		C3A69C3E24784A04000AF664 /* Cache */ = {
			isa = PBXGroup;
			children = (
				C3A69C5E247884D8000AF664 /* CacheTypes */,
				C3A69C4524784B50000AF664 /* CacheService.swift */,
			);
			path = Cache;
			sourceTree = "<group>";
		};
		C3A69C4A24785C3D000AF664 /* Network */ = {
			isa = PBXGroup;
			children = (
				C3A69C5B247882B0000AF664 /* Coders */,
				C3A69C3924783A71000AF664 /* WebService.swift */,
				C3A69C4824785335000AF664 /* CachedWebervice.swift */,
				C3A69C4B24785CA0000AF664 /* CodableService.swift */,
				C3A69C4D24787ABB000AF664 /* ImageService.swift */,
			);
			path = Network;
			sourceTree = "<group>";
		};
		C3A69C4F24787F2E000AF664 /* API */ = {
			isa = PBXGroup;
			children = (
				C3A69C5024787F65000AF664 /* CatImageService.swift */,
				C3A69C63247887F5000AF664 /* BreedService.swift */,
				C3A69C6524788E02000AF664 /* QuizService.swift */,
			);
			path = API;
			sourceTree = "<group>";
		};
		C3A69C522478803A000AF664 /* Models */ = {
			isa = PBXGroup;
			children = (
				C3A69C5524788071000AF664 /* Breed.swift */,
				C3A69C5324788071000AF664 /* CatImage.swift */,
				C3A69C5424788071000AF664 /* Quiz.swift */,
			);
			path = Models;
			sourceTree = "<group>";
		};
		C3A69C5B247882B0000AF664 /* Coders */ = {
			isa = PBXGroup;
			children = (
				C3A69C5C247882DC000AF664 /* CodableDecoder.swift */,
				C3A69C8624791A98000AF664 /* UIImageDecoder.swift */,
			);
			path = Coders;
			sourceTree = "<group>";
		};
		C3A69C5E247884D8000AF664 /* CacheTypes */ = {
			isa = PBXGroup;
			children = (
				C3A69C3F24784A16000AF664 /* Cache.swift */,
				C3A69C5F24788535000AF664 /* FileStorage.swift */,
				C3A69C61247885F0000AF664 /* RAMCache.swift */,
			);
			path = CacheTypes;
			sourceTree = "<group>";
		};
		C3A69C67247914BA000AF664 /* Views */ = {
			isa = PBXGroup;
			children = (
				C3A69CB7247968A6000AF664 /* _Animations */,
				C3A69CC0247968B4000AF664 /* _Containers */,
				C3A69CA624792CAD000AF664 /* _Common */,
				C3A69C8824791EFF000AF664 /* _Layout */,
				C3A69C8F247926B0000AF664 /* Breeds */,
				C3A69CC6247968C5000AF664 /* Quiz */,
				C3A69C6B24791559000AF664 /* Gallery */,
				C3A69C6924791537000AF664 /* MainViewController.swift */,
			);
			path = Views;
			sourceTree = "<group>";
		};
		C3A69C68247914C9000AF664 /* ViewModels */ = {
			isa = PBXGroup;
			children = (
				C3A69C842479169A000AF664 /* ImageViewModel.swift */,
				C3A69C8D24791FB7000AF664 /* GalleryViewModel.swift */,
				C3A69CA2247926D3000AF664 /* BreedViewModel.swift */,
				C3A69CB524793E04000AF664 /* BreedDetailsViewModel.swift */,
				C3A69CDF2479692B000AF664 /* QuizViewModel.swift */,
			);
			path = ViewModels;
			sourceTree = "<group>";
		};
		C3A69C6B24791559000AF664 /* Gallery */ = {
			isa = PBXGroup;
			children = (
				C3A69C6F24791559000AF664 /* Feed */,
				C3A69C6D24791559000AF664 /* ThumbCell.swift */,
				C3A69C6E24791559000AF664 /* GalleryView.xib */,
				C3A69C7524791559000AF664 /* GalleryView.swift */,
			);
			path = Gallery;
			sourceTree = "<group>";
		};
		C3A69C6F24791559000AF664 /* Feed */ = {
			isa = PBXGroup;
			children = (
				C3A69C7124791559000AF664 /* GalleryFeedCell.swift */,
				C3A69C7324791559000AF664 /* GalleryFeedCell.xib */,
				C3A69C7224791559000AF664 /* GalleryFeedView.swift */,
				C3A69C7024791559000AF664 /* GalleryFeedView.xib */,
			);
			path = Feed;
			sourceTree = "<group>";
		};
		C3A69C81247915DE000AF664 /* Extensions */ = {
			isa = PBXGroup;
			children = (
				C3A69C3C24783E19000AF664 /* OSLog.swift */,
				C3A69C82247915F2000AF664 /* UIImage.swift */,
				C3A69C8B24791F37000AF664 /* UIView.swift */,
				C3A69CA424792C2D000AF664 /* String.swift */,
				C3A69CB124793923000AF664 /* UIColor.swift */,
				C3A69CB32479395D000AF664 /* CGPoint.swift */,
			);
			path = Extensions;
			sourceTree = "<group>";
		};
		C3A69C8824791EFF000AF664 /* _Layout */ = {
			isa = PBXGroup;
			children = (
				C3A69C8924791EFF000AF664 /* MosaicLayout.swift */,
			);
			path = _Layout;
			sourceTree = "<group>";
		};
		C3A69C8F247926B0000AF664 /* Breeds */ = {
			isa = PBXGroup;
			children = (
				C3A69C90247926B0000AF664 /* Details */,
				C3A69C93247926B0000AF664 /* List */,
			);
			path = Breeds;
			sourceTree = "<group>";
		};
		C3A69C90247926B0000AF664 /* Details */ = {
			isa = PBXGroup;
			children = (
				C3A69C91247926B0000AF664 /* BreedDetailsView.swift */,
				C3A69C92247926B0000AF664 /* BreedDetailsView.xib */,
				C3A69CE52479B1B3000AF664 /* ParameterCell.swift */,
				C3A69CE62479B1B3000AF664 /* ParameterCell.xib */,
			);
			path = Details;
			sourceTree = "<group>";
		};
		C3A69C93247926B0000AF664 /* List */ = {
			isa = PBXGroup;
			children = (
				C3A69C94247926B0000AF664 /* HorizontalBreedList.swift */,
				C3A69C98247926B0000AF664 /* HorizontalBreedList.xib */,
				C3A69C97247926B0000AF664 /* BreedListView.swift */,
				C3A69C95247926B0000AF664 /* BreedListView.xib */,
				C3A69C99247926B0000AF664 /* BreedCell.swift */,
				C3A69C96247926B0000AF664 /* BreedCell.xib */,
			);
			path = List;
			sourceTree = "<group>";
		};
		C3A69CA624792CAD000AF664 /* _Common */ = {
			isa = PBXGroup;
			children = (
				C3A69CA724792CAD000AF664 /* RoundImage.swift */,
				C3A69CA824792CAD000AF664 /* Capsule.swift */,
				C3A69CA924792CAD000AF664 /* RandomPaw.swift */,
				C3A69CAA24792CAD000AF664 /* ProgressBar.swift */,
				C3A69CAB24792CAD000AF664 /* RoundedButton.swift */,
			);
			path = _Common;
			sourceTree = "<group>";
		};
		C3A69CB7247968A6000AF664 /* _Animations */ = {
			isa = PBXGroup;
			children = (
				C3A69CB8247968A6000AF664 /* FadePushAnimator.swift */,
				C3A69CB9247968A6000AF664 /* CatWalk.swift */,
				C3A69CBA247968A6000AF664 /* FadePopAnimator.swift */,
				C3A69CBB247968A6000AF664 /* CatWalk.xib */,
			);
			path = _Animations;
			sourceTree = "<group>";
		};
		C3A69CC0247968B4000AF664 /* _Containers */ = {
			isa = PBXGroup;
			children = (
				C3A69CC1247968B4000AF664 /* CardStack */,
			);
			path = _Containers;
			sourceTree = "<group>";
		};
		C3A69CC1247968B4000AF664 /* CardStack */ = {
			isa = PBXGroup;
			children = (
				C3A69CC2247968B4000AF664 /* CardView.swift */,
				C3A69CC3247968B4000AF664 /* CardStackView.swift */,
			);
			path = CardStack;
			sourceTree = "<group>";
		};
		C3A69CC6247968C5000AF664 /* Quiz */ = {
			isa = PBXGroup;
			children = (
				C3A69CCF247968C5000AF664 /* QuizCoordinator.swift */,
				C3A69CC9247968C5000AF664 /* Results */,
				C3A69CCC247968C5000AF664 /* Menu */,
				C3A69CD0247968C5000AF664 /* Questions */,
			);
			path = Quiz;
			sourceTree = "<group>";
		};
		C3A69CC9247968C5000AF664 /* Results */ = {
			isa = PBXGroup;
			children = (
				C3A69CCA247968C5000AF664 /* QuizResultsView.swift */,
				C3A69CCB247968C5000AF664 /* QuizResultsView.xib */,
			);
			path = Results;
			sourceTree = "<group>";
		};
		C3A69CCC247968C5000AF664 /* Menu */ = {
			isa = PBXGroup;
			children = (
				C3A69CCD247968C5000AF664 /* QuizMenuView.xib */,
				C3A69CCE247968C5000AF664 /* QuizMenuView.swift */,
			);
			path = Menu;
			sourceTree = "<group>";
		};
		C3A69CD0247968C5000AF664 /* Questions */ = {
			isa = PBXGroup;
			children = (
				C3A69CD1247968C5000AF664 /* QuestionView.swift */,
				C3A69CD2247968C5000AF664 /* QuizView.swift */,
				C3A69CD3247968C5000AF664 /* QuizView.xib */,
				C3A69CD4247968C5000AF664 /* QuestionView.xib */,
			);
			path = Questions;
			sourceTree = "<group>";
		};
/* End PBXGroup section */

/* Begin PBXNativeTarget section */
		C3A69C1E247837EE000AF664 /* MEOW */ = {
			isa = PBXNativeTarget;
			buildConfigurationList = C3A69C33247837F0000AF664 /* Build configuration list for PBXNativeTarget "MEOW" */;
			buildPhases = (
				C3A69C1B247837EE000AF664 /* Sources */,
				C3A69C1C247837EE000AF664 /* Frameworks */,
				C3A69C1D247837EE000AF664 /* Resources */,
			);
			buildRules = (
			);
			dependencies = (
			);
			name = MEOW;
			productName = MEOW;
			productReference = C3A69C1F247837EE000AF664 /* MEOW.app */;
			productType = "com.apple.product-type.application";
		};
/* End PBXNativeTarget section */

/* Begin PBXProject section */
		C3A69C17247837EE000AF664 /* Project object */ = {
			isa = PBXProject;
			attributes = {
				LastSwiftUpdateCheck = 1140;
				LastUpgradeCheck = 1140;
				ORGANIZATIONNAME = "San Byn Nguyen";
				TargetAttributes = {
					C3A69C1E247837EE000AF664 = {
						CreatedOnToolsVersion = 11.4.1;
					};
				};
			};
			buildConfigurationList = C3A69C1A247837EE000AF664 /* Build configuration list for PBXProject "MEOW" */;
			compatibilityVersion = "Xcode 9.3";
			developmentRegion = en;
			hasScannedForEncodings = 0;
			knownRegions = (
				en,
				Base,
			);
			mainGroup = C3A69C16247837EE000AF664;
			productRefGroup = C3A69C20247837EE000AF664 /* Products */;
			projectDirPath = "";
			projectRoot = "";
			targets = (
				C3A69C1E247837EE000AF664 /* MEOW */,
			);
		};
/* End PBXProject section */

/* Begin PBXResourcesBuildPhase section */
		C3A69C1D247837EE000AF664 /* Resources */ = {
			isa = PBXResourcesBuildPhase;
			buildActionMask = 2147483647;
			files = (
				C3A69C2F247837F0000AF664 /* LaunchScreen.storyboard in Resources */,
				C3A69C7A24791559000AF664 /* GalleryFeedView.xib in Resources */,
				C3A69CE82479B1B3000AF664 /* ParameterCell.xib in Resources */,
				C3A69CDE247968C5000AF664 /* QuestionView.xib in Resources */,
				C3A69CD7247968C5000AF664 /* QuizResultsView.xib in Resources */,
				C3A69C2C247837F0000AF664 /* Assets.xcassets in Resources */,
				C3A69CBF247968A6000AF664 /* CatWalk.xib in Resources */,
				C3A69C9D247926B0000AF664 /* BreedListView.xib in Resources */,
				C3A69CD8247968C5000AF664 /* QuizMenuView.xib in Resources */,
				C3A69C9E247926B0000AF664 /* BreedCell.xib in Resources */,
				C3A69C9B247926B0000AF664 /* BreedDetailsView.xib in Resources */,
				C3A69C7D24791559000AF664 /* GalleryFeedCell.xib in Resources */,
				C3A69CDD247968C5000AF664 /* QuizView.xib in Resources */,
				C3A69CA0247926B0000AF664 /* HorizontalBreedList.xib in Resources */,
				C3A69C7924791559000AF664 /* GalleryView.xib in Resources */,
			);
			runOnlyForDeploymentPostprocessing = 0;
		};
/* End PBXResourcesBuildPhase section */

/* Begin PBXSourcesBuildPhase section */
		C3A69C1B247837EE000AF664 /* Sources */ = {
			isa = PBXSourcesBuildPhase;
			buildActionMask = 2147483647;
			files = (
				C3A69CA524792C2D000AF664 /* String.swift in Sources */,
				C3A69CAC24792CAD000AF664 /* RoundImage.swift in Sources */,
				C3A69CA1247926B0000AF664 /* BreedCell.swift in Sources */,
				C3A69CA3247926D3000AF664 /* BreedViewModel.swift in Sources */,
				C3A69C4024784A16000AF664 /* Cache.swift in Sources */,
				C3A69C9F247926B0000AF664 /* BreedListView.swift in Sources */,
				C3A69C6A24791537000AF664 /* MainViewController.swift in Sources */,
				C3A69CB624793E04000AF664 /* BreedDetailsViewModel.swift in Sources */,
				C3A69C8A24791EFF000AF664 /* MosaicLayout.swift in Sources */,
				C3A69C5724788071000AF664 /* Quiz.swift in Sources */,
				C3A69CDC247968C5000AF664 /* QuizView.swift in Sources */,
				C3A69C5824788071000AF664 /* Breed.swift in Sources */,
				C3A69C9A247926B0000AF664 /* BreedDetailsView.swift in Sources */,
				C3A69C7C24791559000AF664 /* GalleryFeedView.swift in Sources */,
				C3A69CC4247968B4000AF664 /* CardView.swift in Sources */,
				C3A69CB42479395D000AF664 /* CGPoint.swift in Sources */,
				C3A69C83247915F2000AF664 /* UIImage.swift in Sources */,
				C3A69C62247885F0000AF664 /* RAMCache.swift in Sources */,
				C3A69CC5247968B4000AF664 /* CardStackView.swift in Sources */,
				C3A69CB024792CAD000AF664 /* RoundedButton.swift in Sources */,
				C3A69CD9247968C5000AF664 /* QuizMenuView.swift in Sources */,
				C3A69CD6247968C5000AF664 /* QuizResultsView.swift in Sources */,
				C3A69C3824783A51000AF664 /* Service.swift in Sources */,
				C3A69C4624784B50000AF664 /* CacheService.swift in Sources */,
				C3A69CDB247968C5000AF664 /* QuestionView.swift in Sources */,
				C3A69C4924785335000AF664 /* CachedWebervice.swift in Sources */,
				C3A69C64247887F5000AF664 /* BreedService.swift in Sources */,
				C3A69C8E24791FB7000AF664 /* GalleryViewModel.swift in Sources */,
				C3A69C5A247881E3000AF664 /* Constants.swift in Sources */,
				C3A69CAD24792CAD000AF664 /* Capsule.swift in Sources */,
				C3A69C5D247882DC000AF664 /* CodableDecoder.swift in Sources */,
				C3A69CE72479B1B3000AF664 /* ParameterCell.swift in Sources */,
				C3A69C852479169A000AF664 /* ImageViewModel.swift in Sources */,
				C3A69C4C24785CA0000AF664 /* CodableService.swift in Sources */,
				C3A69C8C24791F37000AF664 /* UIView.swift in Sources */,
				C3A69CE02479692B000AF664 /* QuizViewModel.swift in Sources */,
				C3A69C3D24783E19000AF664 /* OSLog.swift in Sources */,
				C3A69C6024788535000AF664 /* FileStorage.swift in Sources */,
				C3A69CB224793923000AF664 /* UIColor.swift in Sources */,
				C3A69C5624788071000AF664 /* CatImage.swift in Sources */,
				C3A69CDA247968C5000AF664 /* QuizCoordinator.swift in Sources */,
				C3A69C7B24791559000AF664 /* GalleryFeedCell.swift in Sources */,
				C3A69CBC247968A6000AF664 /* FadePushAnimator.swift in Sources */,
				C3A69C6624788E02000AF664 /* QuizService.swift in Sources */,
				C3A69C7824791559000AF664 /* ThumbCell.swift in Sources */,
				C3A69C4E24787ABB000AF664 /* ImageService.swift in Sources */,
				C3A69C5124787F65000AF664 /* CatImageService.swift in Sources */,
				C3A69CBE247968A6000AF664 /* FadePopAnimator.swift in Sources */,
				C3A69CAF24792CAD000AF664 /* ProgressBar.swift in Sources */,
				C3A69C23247837EE000AF664 /* AppDelegate.swift in Sources */,
				C3A69C3A24783A71000AF664 /* WebService.swift in Sources */,
				C3A69CAE24792CAD000AF664 /* RandomPaw.swift in Sources */,
				C3A69C8724791A98000AF664 /* UIImageDecoder.swift in Sources */,
				C3A69C7F24791559000AF664 /* GalleryView.swift in Sources */,
				C3A69C9C247926B0000AF664 /* HorizontalBreedList.swift in Sources */,
				C3A69C25247837EE000AF664 /* SceneDelegate.swift in Sources */,
				C3A69CBD247968A6000AF664 /* CatWalk.swift in Sources */,
			);
			runOnlyForDeploymentPostprocessing = 0;
		};
/* End PBXSourcesBuildPhase section */

/* Begin PBXVariantGroup section */
		C3A69C2D247837F0000AF664 /* LaunchScreen.storyboard */ = {
			isa = PBXVariantGroup;
			children = (
				C3A69C2E247837F0000AF664 /* Base */,
			);
			name = LaunchScreen.storyboard;
			sourceTree = "<group>";
		};
/* End PBXVariantGroup section */

/* Begin XCBuildConfiguration section */
		C3A69C31247837F0000AF664 /* Debug */ = {
			isa = XCBuildConfiguration;
			buildSettings = {
				ALWAYS_SEARCH_USER_PATHS = NO;
				CLANG_ANALYZER_NONNULL = YES;
				CLANG_ANALYZER_NUMBER_OBJECT_CONVERSION = YES_AGGRESSIVE;
				CLANG_CXX_LANGUAGE_STANDARD = "gnu++14";
				CLANG_CXX_LIBRARY = "libc++";
				CLANG_ENABLE_MODULES = YES;
				CLANG_ENABLE_OBJC_ARC = YES;
				CLANG_ENABLE_OBJC_WEAK = YES;
				CLANG_WARN_BLOCK_CAPTURE_AUTORELEASING = YES;
				CLANG_WARN_BOOL_CONVERSION = YES;
				CLANG_WARN_COMMA = YES;
				CLANG_WARN_CONSTANT_CONVERSION = YES;
				CLANG_WARN_DEPRECATED_OBJC_IMPLEMENTATIONS = YES;
				CLANG_WARN_DIRECT_OBJC_ISA_USAGE = YES_ERROR;
				CLANG_WARN_DOCUMENTATION_COMMENTS = YES;
				CLANG_WARN_EMPTY_BODY = YES;
				CLANG_WARN_ENUM_CONVERSION = YES;
				CLANG_WARN_INFINITE_RECURSION = YES;
				CLANG_WARN_INT_CONVERSION = YES;
				CLANG_WARN_NON_LITERAL_NULL_CONVERSION = YES;
				CLANG_WARN_OBJC_IMPLICIT_RETAIN_SELF = YES;
				CLANG_WARN_OBJC_LITERAL_CONVERSION = YES;
				CLANG_WARN_OBJC_ROOT_CLASS = YES_ERROR;
				CLANG_WARN_RANGE_LOOP_ANALYSIS = YES;
				CLANG_WARN_STRICT_PROTOTYPES = YES;
				CLANG_WARN_SUSPICIOUS_MOVE = YES;
				CLANG_WARN_UNGUARDED_AVAILABILITY = YES_AGGRESSIVE;
				CLANG_WARN_UNREACHABLE_CODE = YES;
				CLANG_WARN__DUPLICATE_METHOD_MATCH = YES;
				COPY_PHASE_STRIP = NO;
				DEBUG_INFORMATION_FORMAT = dwarf;
				ENABLE_STRICT_OBJC_MSGSEND = YES;
				ENABLE_TESTABILITY = YES;
				GCC_C_LANGUAGE_STANDARD = gnu11;
				GCC_DYNAMIC_NO_PIC = NO;
				GCC_NO_COMMON_BLOCKS = YES;
				GCC_OPTIMIZATION_LEVEL = 0;
				GCC_PREPROCESSOR_DEFINITIONS = (
					"DEBUG=1",
					"$(inherited)",
				);
				GCC_WARN_64_TO_32_BIT_CONVERSION = YES;
				GCC_WARN_ABOUT_RETURN_TYPE = YES_ERROR;
				GCC_WARN_UNDECLARED_SELECTOR = YES;
				GCC_WARN_UNINITIALIZED_AUTOS = YES_AGGRESSIVE;
				GCC_WARN_UNUSED_FUNCTION = YES;
				GCC_WARN_UNUSED_VARIABLE = YES;
				IPHONEOS_DEPLOYMENT_TARGET = 13.4;
				MTL_ENABLE_DEBUG_INFO = INCLUDE_SOURCE;
				MTL_FAST_MATH = YES;
				ONLY_ACTIVE_ARCH = YES;
				SDKROOT = iphoneos;
				SWIFT_ACTIVE_COMPILATION_CONDITIONS = DEBUG;
				SWIFT_OPTIMIZATION_LEVEL = "-Onone";
			};
			name = Debug;
		};
		C3A69C32247837F0000AF664 /* Release */ = {
			isa = XCBuildConfiguration;
			buildSettings = {
				ALWAYS_SEARCH_USER_PATHS = NO;
				CLANG_ANALYZER_NONNULL = YES;
				CLANG_ANALYZER_NUMBER_OBJECT_CONVERSION = YES_AGGRESSIVE;
				CLANG_CXX_LANGUAGE_STANDARD = "gnu++14";
				CLANG_CXX_LIBRARY = "libc++";
				CLANG_ENABLE_MODULES = YES;
				CLANG_ENABLE_OBJC_ARC = YES;
				CLANG_ENABLE_OBJC_WEAK = YES;
				CLANG_WARN_BLOCK_CAPTURE_AUTORELEASING = YES;
				CLANG_WARN_BOOL_CONVERSION = YES;
				CLANG_WARN_COMMA = YES;
				CLANG_WARN_CONSTANT_CONVERSION = YES;
				CLANG_WARN_DEPRECATED_OBJC_IMPLEMENTATIONS = YES;
				CLANG_WARN_DIRECT_OBJC_ISA_USAGE = YES_ERROR;
				CLANG_WARN_DOCUMENTATION_COMMENTS = YES;
				CLANG_WARN_EMPTY_BODY = YES;
				CLANG_WARN_ENUM_CONVERSION = YES;
				CLANG_WARN_INFINITE_RECURSION = YES;
				CLANG_WARN_INT_CONVERSION = YES;
				CLANG_WARN_NON_LITERAL_NULL_CONVERSION = YES;
				CLANG_WARN_OBJC_IMPLICIT_RETAIN_SELF = YES;
				CLANG_WARN_OBJC_LITERAL_CONVERSION = YES;
				CLANG_WARN_OBJC_ROOT_CLASS = YES_ERROR;
				CLANG_WARN_RANGE_LOOP_ANALYSIS = YES;
				CLANG_WARN_STRICT_PROTOTYPES = YES;
				CLANG_WARN_SUSPICIOUS_MOVE = YES;
				CLANG_WARN_UNGUARDED_AVAILABILITY = YES_AGGRESSIVE;
				CLANG_WARN_UNREACHABLE_CODE = YES;
				CLANG_WARN__DUPLICATE_METHOD_MATCH = YES;
				COPY_PHASE_STRIP = NO;
				DEBUG_INFORMATION_FORMAT = "dwarf-with-dsym";
				ENABLE_NS_ASSERTIONS = NO;
				ENABLE_STRICT_OBJC_MSGSEND = YES;
				GCC_C_LANGUAGE_STANDARD = gnu11;
				GCC_NO_COMMON_BLOCKS = YES;
				GCC_WARN_64_TO_32_BIT_CONVERSION = YES;
				GCC_WARN_ABOUT_RETURN_TYPE = YES_ERROR;
				GCC_WARN_UNDECLARED_SELECTOR = YES;
				GCC_WARN_UNINITIALIZED_AUTOS = YES_AGGRESSIVE;
				GCC_WARN_UNUSED_FUNCTION = YES;
				GCC_WARN_UNUSED_VARIABLE = YES;
				IPHONEOS_DEPLOYMENT_TARGET = 13.4;
				MTL_ENABLE_DEBUG_INFO = NO;
				MTL_FAST_MATH = YES;
				SDKROOT = iphoneos;
				SWIFT_COMPILATION_MODE = wholemodule;
				SWIFT_OPTIMIZATION_LEVEL = "-O";
				VALIDATE_PRODUCT = YES;
			};
			name = Release;
		};
		C3A69C34247837F0000AF664 /* Debug */ = {
			isa = XCBuildConfiguration;
			buildSettings = {
				ASSETCATALOG_COMPILER_APPICON_NAME = AppIcon;
				CODE_SIGN_STYLE = Automatic;
				DEVELOPMENT_TEAM = WMEG8D675T;
				INFOPLIST_FILE = MEOW/Info.plist;
				LD_RUNPATH_SEARCH_PATHS = (
					"$(inherited)",
					"@executable_path/Frameworks",
				);
				PRODUCT_BUNDLE_IDENTIFIER = ua.nguyen.MEOW;
				PRODUCT_NAME = "$(TARGET_NAME)";
				SWIFT_VERSION = 5.0;
				TARGETED_DEVICE_FAMILY = "1,2";
			};
			name = Debug;
		};
		C3A69C35247837F0000AF664 /* Release */ = {
			isa = XCBuildConfiguration;
			buildSettings = {
				ASSETCATALOG_COMPILER_APPICON_NAME = AppIcon;
				CODE_SIGN_STYLE = Automatic;
				DEVELOPMENT_TEAM = WMEG8D675T;
				INFOPLIST_FILE = MEOW/Info.plist;
				LD_RUNPATH_SEARCH_PATHS = (
					"$(inherited)",
					"@executable_path/Frameworks",
				);
				PRODUCT_BUNDLE_IDENTIFIER = ua.nguyen.MEOW;
				PRODUCT_NAME = "$(TARGET_NAME)";
				SWIFT_VERSION = 5.0;
				TARGETED_DEVICE_FAMILY = "1,2";
			};
			name = Release;
		};
/* End XCBuildConfiguration section */

/* Begin XCConfigurationList section */
		C3A69C1A247837EE000AF664 /* Build configuration list for PBXProject "MEOW" */ = {
			isa = XCConfigurationList;
			buildConfigurations = (
				C3A69C31247837F0000AF664 /* Debug */,
				C3A69C32247837F0000AF664 /* Release */,
			);
			defaultConfigurationIsVisible = 0;
			defaultConfigurationName = Release;
		};
		C3A69C33247837F0000AF664 /* Build configuration list for PBXNativeTarget "MEOW" */ = {
			isa = XCConfigurationList;
			buildConfigurations = (
				C3A69C34247837F0000AF664 /* Debug */,
				C3A69C35247837F0000AF664 /* Release */,
			);
			defaultConfigurationIsVisible = 0;
			defaultConfigurationName = Release;
		};
/* End XCConfigurationList section */
	};
	rootObject = C3A69C17247837EE000AF664 /* Project object */;
}
